
Microsoft Visual Studio Solution File, Format Version 12.00
# Visual Studio 14
VisualStudioVersion = 14.0.25420.1
MinimumVisualStudioVersion = 10.0.40219.1
Project("{8BC9CEB8-8B4A-11D0-8D11-00A0C91BC942}") = "TXCloudPortal", "TXCloudPortal\TXCloudPortal.vcxproj", "{98440953-4C28-4283-8CC0-C34653BFC012}"
	ProjectSection(ProjectDependencies) = postProject
		{F091C915-4F3E-4B05-8DD4-44310BE78FB1} = {F091C915-4F3E-4B05-8DD4-44310BE78FB1}
	EndProjectSection
EndProject
Project("{8BC9CEB8-8B4A-11D0-8D11-00A0C91BC942}") = "TXCloudRoom", "TXCloudRoom\TXCloudRoom.vcxproj", "{F091C915-4F3E-4B05-8DD4-44310BE78FB1}"
EndProject
Global
	GlobalSection(SolutionConfigurationPlatforms) = preSolution
		Debug|x86 = Debug|x86
		Release|x86 = Release|x86
	EndGlobalSection
	GlobalSection(ProjectConfigurationPlatforms) = postSolution
		{98440953-4C28-4283-8CC0-C34653BFC012}.Debug|x86.ActiveCfg = Debug|Win32
		{98440953-4C28-4283-8CC0-C34653BFC012}.Debug|x86.Build.0 = Debug|Win32
		{98440953-4C28-4283-8CC0-C34653BFC012}.Release|x86.ActiveCfg = Release|Win32
		{98440953-4C28-4283-8CC0-C34653BFC012}.Release|x86.Build.0 = Release|Win32
		{F091C915-4F3E-4B05-8DD4-44310BE78FB1}.Debug|x86.ActiveCfg = Debug|Win32
		{F091C915-4F3E-4B05-8DD4-44310BE78FB1}.Debug|x86.Build.0 = Debug|Win32
		{F091C915-4F3E-4B05-8DD4-44310BE78FB1}.Release|x86.ActiveCfg = Release|Win32
		{F091C915-4F3E-4B05-8DD4-44310BE78FB1}.Release|x86.Build.0 = Release|Win32
	EndGlobalSection
	GlobalSection(SolutionProperties) = preSolution
		HideSolutionNode = FALSE
	EndGlobalSection
EndGlobal
