<?xml version="1.0" encoding="utf-8"?>
<Project ToolsVersion="4.0" xmlns="http://schemas.microsoft.com/developer/msbuild/2003">
  <ItemGroup>
    <Filter Include="Resource Files">
      <UniqueIdentifier>{D9D6E242-F8AF-46E4-B9FD-80ECBC20BA3E}</UniqueIdentifier>
      <Extensions>qrc;*</Extensions>
      <ParseFiles>false</ParseFiles>
    </Filter>
    <Filter Include="Form Files">
      <UniqueIdentifier>{99349809-55BA-4b9d-BF79-8FDBB0286EB3}</UniqueIdentifier>
      <Extensions>ui</Extensions>
    </Filter>
    <Filter Include="Resource Files">
      <UniqueIdentifier>{D9D6E242-F8AF-46E4-B9FD-80ECBC20BA3E}</UniqueIdentifier>
      <Extensions>qrc;*</Extensions>
      <ParseFiles>false</ParseFiles>
    </Filter>
    <Filter Include="thirdparty">
      <UniqueIdentifier>{5f578a29-0702-4f2e-be93-6db954e798ff}</UniqueIdentifier>
    </Filter>
    <Filter Include="thirdparty\jsoncpp">
      <UniqueIdentifier>{a69ef583-0176-456a-ad86-0648cb25b731}</UniqueIdentifier>
    </Filter>
    <Filter Include="UICmpt">
      <UniqueIdentifier>{5230537a-5ad1-468f-b1cc-f8ac17e9dec4}</UniqueIdentifier>
    </Filter>
    <Filter Include="Generated Files">
      <UniqueIdentifier>{71ED8ED8-ACB9-4CE9-BBE1-E00B30144E11}</UniqueIdentifier>
      <Extensions>moc;h;cpp</Extensions>
      <ParseFiles>true</ParseFiles>
    </Filter>
    <Filter Include="Generated Files\Debug">
      <UniqueIdentifier>{863132e8-8100-4293-8f6a-5a66cfc61428}</UniqueIdentifier>
    </Filter>
    <Filter Include="thirdparty\ipc">
      <UniqueIdentifier>{5f5b1d5a-9cd8-42fb-b9ec-19ee2cb7e7b1}</UniqueIdentifier>
    </Filter>
    <Filter Include="Generated Files\Release">
      <UniqueIdentifier>{acef189f-cad4-491d-a1c8-a913cf83c3df}</UniqueIdentifier>
      <Extensions>cpp;moc</Extensions>
      <SourceControlFiles>False</SourceControlFiles>
    </Filter>
    <Filter Include="CommonCmpt">
      <UniqueIdentifier>{ff73a365-dc18-470d-be7b-fd1b7dcc1a61}</UniqueIdentifier>
    </Filter>
  </ItemGroup>
  <ItemGroup>
    <ClCompile Include="main.cpp" />
    <ClCompile Include="thirdparty\jsoncpp\jsoncpp.cpp">
      <Filter>thirdparty\jsoncpp</Filter>
    </ClCompile>
    <ClCompile Include="UICmpt\QWidgetToast.cpp">
      <Filter>UICmpt</Filter>
    </ClCompile>
    <ClCompile Include="UICmpt\DialogMessage.cpp">
      <Filter>UICmpt</Filter>
    </ClCompile>
    <ClCompile Include="GeneratedFiles\qrc_PushPlay.cpp">
      <Filter>Generated Files</Filter>
    </ClCompile>
    <ClCompile Include="GeneratedFiles\Debug\moc_DialogMessage.cpp">
      <Filter>Generated Files</Filter>
    </ClCompile>
    <ClCompile Include="GeneratedFiles\Debug\moc_QWidgetToast.cpp">
      <Filter>Generated Files</Filter>
    </ClCompile>
    <ClCompile Include="GeneratedFiles\Release\moc_DialogMessage.cpp">
      <Filter>Generated Files</Filter>
    </ClCompile>
    <ClCompile Include="GeneratedFiles\Release\moc_QWidgetToast.cpp">
      <Filter>Generated Files</Filter>
    </ClCompile>
    <ClCompile Include="thirdparty\ipc\ipcchannel.cpp">
      <Filter>thirdparty\ipc</Filter>
    </ClCompile>
    <ClCompile Include="thirdparty\ipc\ipcconnection.cpp">
      <Filter>thirdparty\ipc</Filter>
    </ClCompile>
    <ClCompile Include="thirdparty\ipc\ipchandshake.cpp">
      <Filter>thirdparty\ipc</Filter>
    </ClCompile>
    <ClCompile Include="UICmpt\DialogPushPlay.cpp">
      <Filter>UICmpt</Filter>
    </ClCompile>
    <ClCompile Include="GeneratedFiles\Debug\moc_DialogPushPlay.cpp">
      <Filter>Generated Files\Debug</Filter>
    </ClCompile>
    <ClCompile Include="GeneratedFiles\Release\moc_DialogPushPlay.cpp">
      <Filter>Generated Files\Release</Filter>
    </ClCompile>
    <ClCompile Include="commonCmpt\log.cpp">
      <Filter>CommonCmpt</Filter>
    </ClCompile>
    <ClCompile Include="commonCmpt\crashdump.cpp">
      <Filter>CommonCmpt</Filter>
    </ClCompile>
  </ItemGroup>
  <ItemGroup>
    <CustomBuild Include="UICmpt\DialogMessage.h">
      <Filter>UICmpt</Filter>
    </CustomBuild>
    <CustomBuild Include="UICmpt\DialogMessage.ui">
      <Filter>Form Files</Filter>
    </CustomBuild>
    <CustomBuild Include="UICmpt\QWidgetToast.h">
      <Filter>UICmpt</Filter>
    </CustomBuild>
    <CustomBuild Include="Resources\PushPlay.qrc">
      <Filter>Resource Files</Filter>
    </CustomBuild>
    <CustomBuild Include="UICmpt\DialogPushPlay.ui">
      <Filter>Form Files</Filter>
    </CustomBuild>
    <CustomBuild Include="UICmpt\DialogPushPlay.h">
      <Filter>UICmpt</Filter>
    </CustomBuild>
  </ItemGroup>
  <ItemGroup>
    <ClInclude Include="resource.h" />
    <ClInclude Include="thirdparty\jsoncpp\json.h">
      <Filter>thirdparty\jsoncpp</Filter>
    </ClInclude>
    <ClInclude Include="thirdparty\jsoncpp\json-forwards.h">
      <Filter>thirdparty\jsoncpp</Filter>
    </ClInclude>
    <ClInclude Include="GeneratedFiles\ui_DialogMessage.h">
      <Filter>Generated Files</Filter>
    </ClInclude>
    <ClInclude Include="thirdparty\ipc\ipcchannel.h">
      <Filter>thirdparty\ipc</Filter>
    </ClInclude>
    <ClInclude Include="thirdparty\ipc\ipcconnection.h">
      <Filter>thirdparty\ipc</Filter>
    </ClInclude>
    <ClInclude Include="thirdparty\ipc\ipchandshake.h">
      <Filter>thirdparty\ipc</Filter>
    </ClInclude>
    <ClInclude Include="thirdparty\ipc\utility.h">
      <Filter>thirdparty\ipc</Filter>
    </ClInclude>
    <ClInclude Include="GeneratedFiles\ui_DialogPushPlay.h">
      <Filter>Generated Files</Filter>
    </ClInclude>
    <ClInclude Include="commonCmpt\log.h">
      <Filter>CommonCmpt</Filter>
    </ClInclude>
    <ClInclude Include="commonCmpt\crashdump.h">
      <Filter>CommonCmpt</Filter>
    </ClInclude>
  </ItemGroup>
  <ItemGroup>
    <ResourceCompile Include="Resource.rc" />
  </ItemGroup>
  <ItemGroup>
    <Image Include="Resources\close-normal.png">
      <Filter>Resource Files</Filter>
    </Image>
    <Image Include="Resources\close-press.png">
      <Filter>Resource Files</Filter>
    </Image>
    <Image Include="Resources\start.png">
      <Filter>Resource Files</Filter>
    </Image>
    <Image Include="Resources\suspend.png">
      <Filter>Resource Files</Filter>
    </Image>
  </ItemGroup>
</Project>